// !$*UTF8*$!
{
	archiveVersion = 1;
	classes = {
	};
	objectVersion = 46;
	objects = {

/* Begin PBXBuildFile section */
		793C40731B5E469800402EC5 /* main.m in Sources */ = {isa = PBXBuildFile; fileRef = 793C40721B5E469800402EC5 /* main.m */; };
		793C40761B5E469800402EC5 /* AppDelegate.m in Sources */ = {isa = PBXBuildFile; fileRef = 793C40751B5E469800402EC5 /* AppDelegate.m */; };
		793C40791B5E469800402EC5 /* ViewController.m in Sources */ = {isa = PBXBuildFile; fileRef = 793C40781B5E469800402EC5 /* ViewController.m */; };
		793C407C1B5E469800402EC5 /* Main.storyboard in Resources */ = {isa = PBXBuildFile; fileRef = 793C407A1B5E469800402EC5 /* Main.storyboard */; };
		793C407E1B5E469800402EC5 /* Images.xcassets in Resources */ = {isa = PBXBuildFile; fileRef = 793C407D1B5E469800402EC5 /* Images.xcassets */; };
		793C40811B5E469800402EC5 /* LaunchScreen.xib in Resources */ = {isa = PBXBuildFile; fileRef = 793C407F1B5E469800402EC5 /* LaunchScreen.xib */; };
		793C408D1B5E469800402EC5 /* wooTests.m in Sources */ = {isa = PBXBuildFile; fileRef = 793C408C1B5E469800402EC5 /* wooTests.m */; };
/* End PBXBuildFile section */

/* Begin PBXContainerItemProxy section */
		793C40871B5E469800402EC5 /* PBXContainerItemProxy */ = {
			isa = PBXContainerItemProxy;
			containerPortal = 793C40651B5E469800402EC5 /* Project object */;
			proxyType = 1;
			remoteGlobalIDString = 793C406C1B5E469800402EC5;
			remoteInfo = woo;
		};
/* End PBXContainerItemProxy section */

/* Begin PBXFileReference section */
		793C406D1B5E469800402EC5 /* woo.app */ = {isa = PBXFileReference; explicitFileType = wrapper.application; includeInIndex = 0; path = woo.app; sourceTree = BUILT_PRODUCTS_DIR; };
		793C40711B5E469800402EC5 /* Info.plist */ = {isa = PBXFileReference; lastKnownFileType = text.plist.xml; path = Info.plist; sourceTree = "<group>"; };
		793C40721B5E469800402EC5 /* main.m */ = {isa = PBXFileReference; lastKnownFileType = sourcecode.c.objc; path = main.m; sourceTree = "<group>"; };
		793C40741B5E469800402EC5 /* AppDelegate.h */ = {isa = PBXFileReference; lastKnownFileType = sourcecode.c.h; path = AppDelegate.h; sourceTree = "<group>"; };
		793C40751B5E469800402EC5 /* AppDelegate.m */ = {isa = PBXFileReference; lastKnownFileType = sourcecode.c.objc; path = AppDelegate.m; sourceTree = "<group>"; };
		793C40771B5E469800402EC5 /* ViewController.h */ = {isa = PBXFileReference; lastKnownFileType = sourcecode.c.h; path = ViewController.h; sourceTree = "<group>"; };
		793C40781B5E469800402EC5 /* ViewController.m */ = {isa = PBXFileReference; lastKnownFileType = sourcecode.c.objc; path = ViewController.m; sourceTree = "<group>"; };
		793C407B1B5E469800402EC5 /* Base */ = {isa = PBXFileReference; lastKnownFileType = file.storyboard; name = Base; path = Base.lproj/Main.storyboard; sourceTree = "<group>"; };
		793C407D1B5E469800402EC5 /* Images.xcassets */ = {isa = PBXFileReference; lastKnownFileType = folder.assetcatalog; path = Images.xcassets; sourceTree = "<group>"; };
		793C40801B5E469800402EC5 /* Base */ = {isa = PBXFileReference; lastKnownFileType = file.xib; name = Base; path = Base.lproj/LaunchScreen.xib; sourceTree = "<group>"; };
		793C40861B5E469800402EC5 /* wooTests.xctest */ = {isa = PBXFileReference; explicitFileType = wrapper.cfbundle; includeInIndex = 0; path = wooTests.xctest; sourceTree = BUILT_PRODUCTS_DIR; };
		793C408B1B5E469800402EC5 /* Info.plist */ = {isa = PBXFileReference; lastKnownFileType = text.plist.xml; path = Info.plist; sourceTree = "<group>"; };
		793C408C1B5E469800402EC5 /* wooTests.m */ = {isa = PBXFileReference; lastKnownFileType = sourcecode.c.objc; path = wooTests.m; sourceTree = "<group>"; };
/* End PBXFileReference section */

/* Begin PBXFrameworksBuildPhase section */
		793C406A1B5E469800402EC5 /* Frameworks */ = {
			isa = PBXFrameworksBuildPhase;
			buildActionMask = 2147483647;
			files = (
			);
			runOnlyForDeploymentPostprocessing = 0;
		};
		793C40831B5E469800402EC5 /* Frameworks */ = {
			isa = PBXFrameworksBuildPhase;
			buildActionMask = 2147483647;
			files = (
			);
			runOnlyForDeploymentPostprocessing = 0;
		};
/* End PBXFrameworksBuildPhase section */

/* Begin PBXGroup section */
		793C40641B5E469800402EC5 = {
			isa = PBXGroup;
			children = (
				793C406F1B5E469800402EC5 /* woo */,
				793C40891B5E469800402EC5 /* wooTests */,
				793C406E1B5E469800402EC5 /* Products */,
			);
			sourceTree = "<group>";
		};
		793C406E1B5E469800402EC5 /* Products */ = {
			isa = PBXGroup;
			children = (
				793C406D1B5E469800402EC5 /* woo.app */,
				793C40861B5E469800402EC5 /* wooTests.xctest */,
			);
			name = Products;
			sourceTree = "<group>";
		};
		793C406F1B5E469800402EC5 /* woo */ = {
			isa = PBXGroup;
			children = (
				793C40741B5E469800402EC5 /* AppDelegate.h */,
				793C40751B5E469800402EC5 /* AppDelegate.m */,
				793C40771B5E469800402EC5 /* ViewController.h */,
				793C40781B5E469800402EC5 /* ViewController.m */,
				793C407A1B5E469800402EC5 /* Main.storyboard */,
				793C407D1B5E469800402EC5 /* Images.xcassets */,
				793C407F1B5E469800402EC5 /* LaunchScreen.xib */,
				793C40701B5E469800402EC5 /* Supporting Files */,
			);
			path = woo;
			sourceTree = "<group>";
		};
		793C40701B5E469800402EC5 /* Supporting Files */ = {
			isa = PBXGroup;
			children = (
				793C40711B5E469800402EC5 /* Info.plist */,
				793C40721B5E469800402EC5 /* main.m */,
			);
			name = "Supporting Files";
			sourceTree = "<group>";
		};
		793C40891B5E469800402EC5 /* wooTests */ = {
			isa = PBXGroup;
			children = (
				793C408C1B5E469800402EC5 /* wooTests.m */,
				793C408A1B5E469800402EC5 /* Supporting Files */,
			);
			path = wooTests;
			sourceTree = "<group>";
		};
		793C408A1B5E469800402EC5 /* Supporting Files */ = {
			isa = PBXGroup;
			children = (
				793C408B1B5E469800402EC5 /* Info.plist */,
			);
			name = "Supporting Files";
			sourceTree = "<group>";
		};
/* End PBXGroup section */

/* Begin PBXNativeTarget section */
		793C406C1B5E469800402EC5 /* woo */ = {
			isa = PBXNativeTarget;
			buildConfigurationList = 793C40901B5E469800402EC5 /* Build configuration list for PBXNativeTarget "woo" */;
			buildPhases = (
				793C40691B5E469800402EC5 /* Sources */,
				793C406A1B5E469800402EC5 /* Frameworks */,
				793C406B1B5E469800402EC5 /* Resources */,
			);
			buildRules = (
			);
			dependencies = (
			);
			name = woo;
			productName = woo;
			productReference = 793C406D1B5E469800402EC5 /* woo.app */;
			productType = "com.apple.product-type.application";
		};
		793C40851B5E469800402EC5 /* wooTests */ = {
			isa = PBXNativeTarget;
			buildConfigurationList = 793C40931B5E469800402EC5 /* Build configuration list for PBXNativeTarget "wooTests" */;
			buildPhases = (
				793C40821B5E469800402EC5 /* Sources */,
				793C40831B5E469800402EC5 /* Frameworks */,
				793C40841B5E469800402EC5 /* Resources */,
			);
			buildRules = (
			);
			dependencies = (
				793C40881B5E469800402EC5 /* PBXTargetDependency */,
			);
			name = wooTests;
			productName = wooTests;
			productReference = 793C40861B5E469800402EC5 /* wooTests.xctest */;
			productType = "com.apple.product-type.bundle.unit-test";
		};
/* End PBXNativeTarget section */

/* Begin PBXProject section */
		793C40651B5E469800402EC5 /* Project object */ = {
			isa = PBXProject;
			attributes = {
				LastUpgradeCheck = 0630;
				ORGANIZATIONNAME = tarena;
				TargetAttributes = {
					793C406C1B5E469800402EC5 = {
						CreatedOnToolsVersion = 6.3.1;
					};
					793C40851B5E469800402EC5 = {
						CreatedOnToolsVersion = 6.3.1;
						TestTargetID = 793C406C1B5E469800402EC5;
					};
				};
			};
			buildConfigurationList = 793C40681B5E469800402EC5 /* Build configuration list for PBXProject "woo" */;
			compatibilityVersion = "Xcode 3.2";
			developmentRegion = English;
			hasScannedForEncodings = 0;
			knownRegions = (
				en,
				Base,
			);
			mainGroup = 793C40641B5E469800402EC5;
			productRefGroup = 793C406E1B5E469800402EC5 /* Products */;
			projectDirPath = "";
			projectRoot = "";
			targets = (
				793C406C1B5E469800402EC5 /* woo */,
				793C40851B5E469800402EC5 /* wooTests */,
			);
		};
/* End PBXProject section */

/* Begin PBXResourcesBuildPhase section */
		793C406B1B5E469800402EC5 /* Resources */ = {
			isa = PBXResourcesBuildPhase;
			buildActionMask = 2147483647;
			files = (
				793C407C1B5E469800402EC5 /* Main.storyboard in Resources */,
				793C40811B5E469800402EC5 /* LaunchScreen.xib in Resources */,
				793C407E1B5E469800402EC5 /* Images.xcassets in Resources */,
			);
			runOnlyForDeploymentPostprocessing = 0;
		};
		793C40841B5E469800402EC5 /* Resources */ = {
			isa = PBXResourcesBuildPhase;
			buildActionMask = 2147483647;
			files = (
			);
			runOnlyForDeploymentPostprocessing = 0;
		};
/* End PBXResourcesBuildPhase section */

/* Begin PBXSourcesBuildPhase section */
		793C40691B5E469800402EC5 /* Sources */ = {
			isa = PBXSourcesBuildPhase;
			buildActionMask = 2147483647;
			files = (
				793C40791B5E469800402EC5 /* ViewController.m in Sources */,
				793C40761B5E469800402EC5 /* AppDelegate.m in Sources */,
				793C40731B5E469800402EC5 /* main.m in Sources */,
			);
			runOnlyForDeploymentPostprocessing = 0;
		};
		793C40821B5E469800402EC5 /* Sources */ = {
			isa = PBXSourcesBuildPhase;
			buildActionMask = 2147483647;
			files = (
				793C408D1B5E469800402EC5 /* wooTests.m in Sources */,
			);
			runOnlyForDeploymentPostprocessing = 0;
		};
/* End PBXSourcesBuildPhase section */

/* Begin PBXTargetDependency section */
		793C40881B5E469800402EC5 /* PBXTargetDependency */ = {
			isa = PBXTargetDependency;
			target = 793C406C1B5E469800402EC5 /* woo */;
			targetProxy = 793C40871B5E469800402EC5 /* PBXContainerItemProxy */;
		};
/* End PBXTargetDependency section */

/* Begin PBXVariantGroup section */
		793C407A1B5E469800402EC5 /* Main.storyboard */ = {
			isa = PBXVariantGroup;
			children = (
				793C407B1B5E469800402EC5 /* Base */,
			);
			name = Main.storyboard;
			sourceTree = "<group>";
		};
		793C407F1B5E469800402EC5 /* LaunchScreen.xib */ = {
			isa = PBXVariantGroup;
			children = (
				793C40801B5E469800402EC5 /* Base */,
			);
			name = LaunchScreen.xib;
			sourceTree = "<group>";
		};
/* End PBXVariantGroup section */

/* Begin XCBuildConfiguration section */
		793C408E1B5E469800402EC5 /* Debug */ = {
			isa = XCBuildConfiguration;
			buildSettings = {
				ALWAYS_SEARCH_USER_PATHS = NO;
				CLANG_CXX_LANGUAGE_STANDARD = "gnu++0x";
				CLANG_CXX_LIBRARY = "libc++";
				CLANG_ENABLE_MODULES = YES;
				CLANG_ENABLE_OBJC_ARC = YES;
				CLANG_WARN_BOOL_CONVERSION = YES;
				CLANG_WARN_CONSTANT_CONVERSION = YES;
				CLANG_WARN_DIRECT_OBJC_ISA_USAGE = YES_ERROR;
				CLANG_WARN_EMPTY_BODY = YES;
				CLANG_WARN_ENUM_CONVERSION = YES;
				CLANG_WARN_INT_CONVERSION = YES;
				CLANG_WARN_OBJC_ROOT_CLASS = YES_ERROR;
				CLANG_WARN_UNREACHABLE_CODE = YES;
				CLANG_WARN__DUPLICATE_METHOD_MATCH = YES;
				"CODE_SIGN_IDENTITY[sdk=iphoneos*]" = "iPhone Developer";
				COPY_PHASE_STRIP = NO;
				DEBUG_INFORMATION_FORMAT = "dwarf-with-dsym";
				ENABLE_STRICT_OBJC_MSGSEND = YES;
				GCC_C_LANGUAGE_STANDARD = gnu99;
				GCC_DYNAMIC_NO_PIC = NO;
				GCC_NO_COMMON_BLOCKS = YES;
				GCC_OPTIMIZATION_LEVEL = 0;
				GCC_PREPROCESSOR_DEFINITIONS = (
					"DEBUG=1",
					"$(inherited)",
				);
				GCC_SYMBOLS_PRIVATE_EXTERN = NO;
				GCC_WARN_64_TO_32_BIT_CONVERSION = YES;
				GCC_WARN_ABOUT_RETURN_TYPE = YES_ERROR;
				GCC_WARN_UNDECLARED_SELECTOR = YES;
				GCC_WARN_UNINITIALIZED_AUTOS = YES_AGGRESSIVE;
				GCC_WARN_UNUSED_FUNCTION = YES;
				GCC_WARN_UNUSED_VARIABLE = YES;
				IPHONEOS_DEPLOYMENT_TARGET = 8.3;
				MTL_ENABLE_DEBUG_INFO = YES;
				ONLY_ACTIVE_ARCH = YES;
				SDKROOT = iphoneos;
			};
			name = Debug;
		};
		793C408F1B5E469800402EC5 /* Release */ = {
			isa = XCBuildConfiguration;
			buildSettings = {
				ALWAYS_SEARCH_USER_PATHS = NO;
				CLANG_CXX_LANGUAGE_STANDARD = "gnu++0x";
				CLANG_CXX_LIBRARY = "libc++";
				CLANG_ENABLE_MODULES = YES;
				CLANG_ENABLE_OBJC_ARC = YES;
				CLANG_WARN_BOOL_CONVERSION = YES;
				CLANG_WARN_CONSTANT_CONVERSION = YES;
				CLANG_WARN_DIRECT_OBJC_ISA_USAGE = YES_ERROR;
				CLANG_WARN_EMPTY_BODY = YES;
				CLANG_WARN_ENUM_CONVERSION = YES;
				CLANG_WARN_INT_CONVERSION = YES;
				CLANG_WARN_OBJC_ROOT_CLASS = YES_ERROR;
				CLANG_WARN_UNREACHABLE_CODE = YES;
				CLANG_WARN__DUPLICATE_METHOD_MATCH = YES;
				"CODE_SIGN_IDENTITY[sdk=iphoneos*]" = "iPhone Developer";
				COPY_PHASE_STRIP = NO;
				DEBUG_INFORMATION_FORMAT = "dwarf-with-dsym";
				ENABLE_NS_ASSERTIONS = NO;
				ENABLE_STRICT_OBJC_MSGSEND = YES;
				GCC_C_LANGUAGE_STANDARD = gnu99;
				GCC_NO_COMMON_BLOCKS = YES;
				GCC_WARN_64_TO_32_BIT_CONVERSION = YES;
				GCC_WARN_ABOUT_RETURN_TYPE = YES_ERROR;
				GCC_WARN_UNDECLARED_SELECTOR = YES;
				GCC_WARN_UNINITIALIZED_AUTOS = YES_AGGRESSIVE;
				GCC_WARN_UNUSED_FUNCTION = YES;
				GCC_WARN_UNUSED_VARIABLE = YES;
				IPHONEOS_DEPLOYMENT_TARGET = 8.3;
				MTL_ENABLE_DEBUG_INFO = NO;
				SDKROOT = iphoneos;
				VALIDATE_PRODUCT = YES;
			};
			name = Release;
		};
		793C40911B5E469800402EC5 /* Debug */ = {
			isa = XCBuildConfiguration;
			buildSettings = {
				ASSETCATALOG_COMPILER_APPICON_NAME = AppIcon;
				INFOPLIST_FILE = woo/Info.plist;
				LD_RUNPATH_SEARCH_PATHS = "$(inherited) @executable_path/Frameworks";
				PRODUCT_NAME = "$(TARGET_NAME)";
			};
			name = Debug;
		};
		793C40921B5E469800402EC5 /* Release */ = {
			isa = XCBuildConfiguration;
			buildSettings = {
				ASSETCATALOG_COMPILER_APPICON_NAME = AppIcon;
				INFOPLIST_FILE = woo/Info.plist;
				LD_RUNPATH_SEARCH_PATHS = "$(inherited) @executable_path/Frameworks";
				PRODUCT_NAME = "$(TARGET_NAME)";
			};
			name = Release;
		};
		793C40941B5E469800402EC5 /* Debug */ = {
			isa = XCBuildConfiguration;
			buildSettings = {
				BUNDLE_LOADER = "$(TEST_HOST)";
				FRAMEWORK_SEARCH_PATHS = (
					"$(SDKROOT)/Developer/Library/Frameworks",
					"$(inherited)",
				);
				GCC_PREPROCESSOR_DEFINITIONS = (
					"DEBUG=1",
					"$(inherited)",
				);
				INFOPLIST_FILE = wooTests/Info.plist;
				LD_RUNPATH_SEARCH_PATHS = "$(inherited) @executable_path/Frameworks @loader_path/Frameworks";
				PRODUCT_NAME = "$(TARGET_NAME)";
				TEST_HOST = "$(BUILT_PRODUCTS_DIR)/woo.app/woo";
			};
			name = Debug;
		};
		793C40951B5E469800402EC5 /* Release */ = {
			isa = XCBuildConfiguration;
			buildSettings = {
				BUNDLE_LOADER = "$(TEST_HOST)";
				FRAMEWORK_SEARCH_PATHS = (
					"$(SDKROOT)/Developer/Library/Frameworks",
					"$(inherited)",
				);
				INFOPLIST_FILE = wooTests/Info.plist;
				LD_RUNPATH_SEARCH_PATHS = "$(inherited) @executable_path/Frameworks @loader_path/Frameworks";
				PRODUCT_NAME = "$(TARGET_NAME)";
				TEST_HOST = "$(BUILT_PRODUCTS_DIR)/woo.app/woo";
			};
			name = Release;
		};
/* End XCBuildConfiguration section */

/* Begin XCConfigurationList section */
		793C40681B5E469800402EC5 /* Build configuration list for PBXProject "woo" */ = {
			isa = XCConfigurationList;
			buildConfigurations = (
				793C408E1B5E469800402EC5 /* Debug */,
				793C408F1B5E469800402EC5 /* Release */,
			);
			defaultConfigurationIsVisible = 0;
			defaultConfigurationName = Release;
		};
		793C40901B5E469800402EC5 /* Build configuration list for PBXNativeTarget "woo" */ = {
			isa = XCConfigurationList;
			buildConfigurations = (
				793C40911B5E469800402EC5 /* Debug */,
				793C40921B5E469800402EC5 /* Release */,
			);
			defaultConfigurationIsVisible = 0;
		};
		793C40931B5E469800402EC5 /* Build configuration list for PBXNativeTarget "wooTests" */ = {
			isa = XCConfigurationList;
			buildConfigurations = (
				793C40941B5E469800402EC5 /* Debug */,
				793C40951B5E469800402EC5 /* Release */,
			);
			defaultConfigurationIsVisible = 0;
		};
/* End XCConfigurationList section */
	};
	rootObject = 793C40651B5E469800402EC5 /* Project object */;
}
